
Microsoft Visual Studio Solution File, Format Version 12.00
# Visual Studio Version 17
VisualStudioVersion = 17.5.33209.295
MinimumVisualStudioVersion = 10.0.40219.1
Project("{2150E333-8FDC-42A3-9474-1A3956D46DE8}") = "src", "src", "{54FCC29D-4FBD-4E5A-A89D-9DB125D535C0}"
EndProject
Project("{2150E333-8FDC-42A3-9474-1A3956D46DE8}") = "Wpf", "Wpf", "{B3FAFE44-D4CC-4651-AB57-8F5312ACB371}"
EndProject
Project("{2150E333-8FDC-42A3-9474-1A3956D46DE8}") = "tests", "tests", "{14C76C72-7027-48BA-A2F1-B6805689082F}"
EndProject
Project("{9A19103F-16F7-4668-BE54-9A1E7A4F7556}") = "General.Core.Test", "General.Core.Test\General.Core.Test.csproj", "{381ED52D-A7A8-4C2F-951A-3AA1BC936F7A}"
EndProject
Project("{9A19103F-16F7-4668-BE54-9A1E7A4F7556}") = "General.Wpf", "General.Wpf\General.Wpf.csproj", "{7A79C9A6-CBB9-4415-8B80-501525E1D30A}"
EndProject
Project("{9A19103F-16F7-4668-BE54-9A1E7A4F7556}") = "General.Core", "General.Core\General.Core.csproj", "{670E81DB-E7C6-4328-A299-6C66E727B269}"
EndProject
Project("{2150E333-8FDC-42A3-9474-1A3956D46DE8}") = "Containers", "Containers", "{F419B404-304B-4A06-A17A-29C0BF048465}"
EndProject
Project("{D954291E-2A0B-460D-934E-DC6B0785DB48}") = "General.Maf.Shared", "General.Maf.Shared\General.Maf.Shared.shproj", "{0E42567B-D03C-49E4-98D6-71ED9AFA8634}"
EndProject
Project("{9A19103F-16F7-4668-BE54-9A1E7A4F7556}") = "General.Maf.Wpf", "General.Maf.Wpf\General.Maf.Wpf.csproj", "{3B03075A-BEE0-463B-9740-A79F87EE2505}"
EndProject
Project("{2150E333-8FDC-42A3-9474-1A3956D46DE8}") = "Wpf", "Wpf", "{7FD0E0B2-AE4C-4719-B9E0-384F42A0F1BE}"
EndProject
Project("{9A19103F-16F7-4668-BE54-9A1E7A4F7556}") = "General.Wpf.Tests", "General.Wpf.Tests\General.Wpf.Tests.csproj", "{35ECEA4D-E856-41D2-B0C4-95FAD487DF8F}"
EndProject
Global
	GlobalSection(SolutionConfigurationPlatforms) = preSolution
		Debug|Any CPU = Debug|Any CPU
		Release|Any CPU = Release|Any CPU
	EndGlobalSection
	GlobalSection(ProjectConfigurationPlatforms) = postSolution
		{381ED52D-A7A8-4C2F-951A-3AA1BC936F7A}.Debug|Any CPU.ActiveCfg = Debug|Any CPU
		{381ED52D-A7A8-4C2F-951A-3AA1BC936F7A}.Debug|Any CPU.Build.0 = Debug|Any CPU
		{381ED52D-A7A8-4C2F-951A-3AA1BC936F7A}.Release|Any CPU.ActiveCfg = Release|Any CPU
		{381ED52D-A7A8-4C2F-951A-3AA1BC936F7A}.Release|Any CPU.Build.0 = Release|Any CPU
		{7A79C9A6-CBB9-4415-8B80-501525E1D30A}.Debug|Any CPU.ActiveCfg = Debug|Any CPU
		{7A79C9A6-CBB9-4415-8B80-501525E1D30A}.Debug|Any CPU.Build.0 = Debug|Any CPU
		{7A79C9A6-CBB9-4415-8B80-501525E1D30A}.Release|Any CPU.ActiveCfg = Release|Any CPU
		{7A79C9A6-CBB9-4415-8B80-501525E1D30A}.Release|Any CPU.Build.0 = Release|Any CPU
		{670E81DB-E7C6-4328-A299-6C66E727B269}.Debug|Any CPU.ActiveCfg = Debug|Any CPU
		{670E81DB-E7C6-4328-A299-6C66E727B269}.Debug|Any CPU.Build.0 = Debug|Any CPU
		{670E81DB-E7C6-4328-A299-6C66E727B269}.Release|Any CPU.ActiveCfg = Release|Any CPU
		{670E81DB-E7C6-4328-A299-6C66E727B269}.Release|Any CPU.Build.0 = Release|Any CPU
		{3B03075A-BEE0-463B-9740-A79F87EE2505}.Debug|Any CPU.ActiveCfg = Debug|Any CPU
		{3B03075A-BEE0-463B-9740-A79F87EE2505}.Debug|Any CPU.Build.0 = Debug|Any CPU
		{3B03075A-BEE0-463B-9740-A79F87EE2505}.Release|Any CPU.ActiveCfg = Release|Any CPU
		{3B03075A-BEE0-463B-9740-A79F87EE2505}.Release|Any CPU.Build.0 = Release|Any CPU
		{35ECEA4D-E856-41D2-B0C4-95FAD487DF8F}.Debug|Any CPU.ActiveCfg = Debug|Any CPU
		{35ECEA4D-E856-41D2-B0C4-95FAD487DF8F}.Debug|Any CPU.Build.0 = Debug|Any CPU
		{35ECEA4D-E856-41D2-B0C4-95FAD487DF8F}.Release|Any CPU.ActiveCfg = Release|Any CPU
		{35ECEA4D-E856-41D2-B0C4-95FAD487DF8F}.Release|Any CPU.Build.0 = Release|Any CPU
	EndGlobalSection
	GlobalSection(SolutionProperties) = preSolution
		HideSolutionNode = FALSE
	EndGlobalSection
	GlobalSection(NestedProjects) = preSolution
		{B3FAFE44-D4CC-4651-AB57-8F5312ACB371} = {54FCC29D-4FBD-4E5A-A89D-9DB125D535C0}
		{381ED52D-A7A8-4C2F-951A-3AA1BC936F7A} = {14C76C72-7027-48BA-A2F1-B6805689082F}
		{7A79C9A6-CBB9-4415-8B80-501525E1D30A} = {B3FAFE44-D4CC-4651-AB57-8F5312ACB371}
		{670E81DB-E7C6-4328-A299-6C66E727B269} = {54FCC29D-4FBD-4E5A-A89D-9DB125D535C0}
		{F419B404-304B-4A06-A17A-29C0BF048465} = {54FCC29D-4FBD-4E5A-A89D-9DB125D535C0}
		{0E42567B-D03C-49E4-98D6-71ED9AFA8634} = {F419B404-304B-4A06-A17A-29C0BF048465}
		{3B03075A-BEE0-463B-9740-A79F87EE2505} = {B3FAFE44-D4CC-4651-AB57-8F5312ACB371}
		{7FD0E0B2-AE4C-4719-B9E0-384F42A0F1BE} = {14C76C72-7027-48BA-A2F1-B6805689082F}
		{35ECEA4D-E856-41D2-B0C4-95FAD487DF8F} = {7FD0E0B2-AE4C-4719-B9E0-384F42A0F1BE}
	EndGlobalSection
	GlobalSection(ExtensibilityGlobals) = postSolution
		SolutionGuid = {1828CAEB-95D4-4FC7-8916-EA1DC8CDE2EF}
	EndGlobalSection
	GlobalSection(SharedMSBuildProjectFiles) = preSolution
		General.Maf.Shared\General.Maf.Shared.projitems*{0e42567b-d03c-49e4-98d6-71ed9afa8634}*SharedItemsImports = 13
	EndGlobalSection
EndGlobal
